
Microsoft Visual Studio Solution File, Format Version 12.00
# Visual Studio Version 17
VisualStudioVersion = 17.6.33829.357
MinimumVisualStudioVersion = 10.0.40219.1
Project("{8BC9CEB8-8B4A-11D0-8D11-00A0C91BC942}") = "Project5", "Project5\Project5.vcxproj", "{10E772C3-2C67-4BA1-998C-B8F301E8CB1D}"
EndProject
Global
	GlobalSection(SolutionConfigurationPlatforms) = preSolution
		Debug|x64 = Debug|x64
		Debug|x86 = Debug|x86
		Release|x64 = Release|x64
		Release|x86 = Release|x86
	EndGlobalSection
	GlobalSection(ProjectConfigurationPlatforms) = postSolution
		{10E772C3-2C67-4BA1-998C-B8F301E8CB1D}.Debug|x64.ActiveCfg = Debug|x64
		{10E772C3-2C67-4BA1-998C-B8F301E8CB1D}.Debug|x64.Build.0 = Debug|x64
		{10E772C3-2C67-4BA1-998C-B8F301E8CB1D}.Debug|x86.ActiveCfg = Debug|Win32
		{10E772C3-2C67-4BA1-998C-B8F301E8CB1D}.Debug|x86.Build.0 = Debug|Win32
		{10E772C3-2C67-4BA1-998C-B8F301E8CB1D}.Release|x64.ActiveCfg = Release|x64
		{10E772C3-2C67-4BA1-998C-B8F301E8CB1D}.Release|x64.Build.0 = Release|x64
		{10E772C3-2C67-4BA1-998C-B8F301E8CB1D}.Release|x86.ActiveCfg = Release|Win32
		{10E772C3-2C67-4BA1-998C-B8F301E8CB1D}.Release|x86.Build.0 = Release|Win32
	EndGlobalSection
	GlobalSection(SolutionProperties) = preSolution
		HideSolutionNode = FALSE
	EndGlobalSection
	GlobalSection(ExtensibilityGlobals) = postSolution
		SolutionGuid = {175DC0B1-6910-4ED7-A5E1-7114373C4B20}
	EndGlobalSection
EndGlobal
